
Microsoft Visual Studio Solution File, Format Version 12.00
# Visual Studio Version 17
VisualStudioVersion = 17.13.35828.75 d17.13
MinimumVisualStudioVersion = 10.0.40219.1
Project("{FAE04EC0-301F-11D3-BF4B-00C04F79EFBC}") = "OpinioneerBot", "OpinioneerBot.csproj", "{0D59FA19-B272-475A-893A-C05D01E8C0AA}"
EndProject
Global
	GlobalSection(SolutionConfigurationPlatforms) = preSolution
		Debug|Any CPU = Debug|Any CPU
		Release|Any CPU = Release|Any CPU
	EndGlobalSection
	GlobalSection(ProjectConfigurationPlatforms) = postSolution
		{0D59FA19-B272-475A-893A-C05D01E8C0AA}.Debug|Any CPU.ActiveCfg = Debug|Any CPU
		{0D59FA19-B272-475A-893A-C05D01E8C0AA}.Debug|Any CPU.Build.0 = Debug|Any CPU
		{0D59FA19-B272-475A-893A-C05D01E8C0AA}.Release|Any CPU.ActiveCfg = Release|Any CPU
		{0D59FA19-B272-475A-893A-C05D01E8C0AA}.Release|Any CPU.Build.0 = Release|Any CPU
	EndGlobalSection
	GlobalSection(SolutionProperties) = preSolution
		HideSolutionNode = FALSE
	EndGlobalSection
	GlobalSection(ExtensibilityGlobals) = postSolution
		SolutionGuid = {654F1822-208D-4081-83B0-811180BC79C2}
	EndGlobalSection
EndGlobal
